// !$*UTF8*$!
{
	archiveVersion = 1;
	classes = {
	};
	objectVersion = 55;
	objects = {

/* Begin PBXBuildFile section */
		6122AA1428AA62C0002A401C /* AppDelegate.swift in Sources */ = {isa = PBXBuildFile; fileRef = 6122AA1328AA62C0002A401C /* AppDelegate.swift */; };
		6122AA1628AA62C0002A401C /* SceneDelegate.swift in Sources */ = {isa = PBXBuildFile; fileRef = 6122AA1528AA62C0002A401C /* SceneDelegate.swift */; };
		6122AA1828AA62C0002A401C /* ViewController.swift in Sources */ = {isa = PBXBuildFile; fileRef = 6122AA1728AA62C0002A401C /* ViewController.swift */; };
		6122AA1B28AA62C0002A401C /* Main.storyboard in Resources */ = {isa = PBXBuildFile; fileRef = 6122AA1928AA62C0002A401C /* Main.storyboard */; };
		6122AA1D28AA62C1002A401C /* Assets.xcassets in Resources */ = {isa = PBXBuildFile; fileRef = 6122AA1C28AA62C1002A401C /* Assets.xcassets */; };
		6122AA2028AA62C1002A401C /* LaunchScreen.storyboard in Resources */ = {isa = PBXBuildFile; fileRef = 6122AA1E28AA62C1002A401C /* LaunchScreen.storyboard */; };
		6122AA2B28AA62C1002A401C /* Kanye_QuotesTests.swift in Sources */ = {isa = PBXBuildFile; fileRef = 6122AA2A28AA62C1002A401C /* Kanye_QuotesTests.swift */; };
		6122AA3528AA62C1002A401C /* Kanye_QuotesUITests.swift in Sources */ = {isa = PBXBuildFile; fileRef = 6122AA3428AA62C1002A401C /* Kanye_QuotesUITests.swift */; };
		6122AA3728AA62C1002A401C /* Kanye_QuotesUITestsLaunchTests.swift in Sources */ = {isa = PBXBuildFile; fileRef = 6122AA3628AA62C1002A401C /* Kanye_QuotesUITestsLaunchTests.swift */; };
/* End PBXBuildFile section */

/* Begin PBXContainerItemProxy section */
		6122AA2728AA62C1002A401C /* PBXContainerItemProxy */ = {
			isa = PBXContainerItemProxy;
			containerPortal = 6122AA0828AA62C0002A401C /* Project object */;
			proxyType = 1;
			remoteGlobalIDString = 6122AA0F28AA62C0002A401C;
			remoteInfo = "Kanye Quotes";
		};
		6122AA3128AA62C1002A401C /* PBXContainerItemProxy */ = {
			isa = PBXContainerItemProxy;
			containerPortal = 6122AA0828AA62C0002A401C /* Project object */;
			proxyType = 1;
			remoteGlobalIDString = 6122AA0F28AA62C0002A401C;
			remoteInfo = "Kanye Quotes";
		};
/* End PBXContainerItemProxy section */

/* Begin PBXFileReference section */
		6122AA1028AA62C0002A401C /* Kanye Quotes.app */ = {isa = PBXFileReference; explicitFileType = wrapper.application; includeInIndex = 0; path = "Kanye Quotes.app"; sourceTree = BUILT_PRODUCTS_DIR; };
		6122AA1328AA62C0002A401C /* AppDelegate.swift */ = {isa = PBXFileReference; lastKnownFileType = sourcecode.swift; path = AppDelegate.swift; sourceTree = "<group>"; };
		6122AA1528AA62C0002A401C /* SceneDelegate.swift */ = {isa = PBXFileReference; lastKnownFileType = sourcecode.swift; path = SceneDelegate.swift; sourceTree = "<group>"; };
		6122AA1728AA62C0002A401C /* ViewController.swift */ = {isa = PBXFileReference; lastKnownFileType = sourcecode.swift; path = ViewController.swift; sourceTree = "<group>"; };
		6122AA1A28AA62C0002A401C /* Base */ = {isa = PBXFileReference; lastKnownFileType = file.storyboard; name = Base; path = Base.lproj/Main.storyboard; sourceTree = "<group>"; };
		6122AA1C28AA62C1002A401C /* Assets.xcassets */ = {isa = PBXFileReference; lastKnownFileType = folder.assetcatalog; path = Assets.xcassets; sourceTree = "<group>"; };
		6122AA1F28AA62C1002A401C /* Base */ = {isa = PBXFileReference; lastKnownFileType = file.storyboard; name = Base; path = Base.lproj/LaunchScreen.storyboard; sourceTree = "<group>"; };
		6122AA2128AA62C1002A401C /* Info.plist */ = {isa = PBXFileReference; lastKnownFileType = text.plist.xml; path = Info.plist; sourceTree = "<group>"; };
		6122AA2628AA62C1002A401C /* Kanye QuotesTests.xctest */ = {isa = PBXFileReference; explicitFileType = wrapper.cfbundle; includeInIndex = 0; path = "Kanye QuotesTests.xctest"; sourceTree = BUILT_PRODUCTS_DIR; };
		6122AA2A28AA62C1002A401C /* Kanye_QuotesTests.swift */ = {isa = PBXFileReference; lastKnownFileType = sourcecode.swift; path = Kanye_QuotesTests.swift; sourceTree = "<group>"; };
		6122AA3028AA62C1002A401C /* Kanye QuotesUITests.xctest */ = {isa = PBXFileReference; explicitFileType = wrapper.cfbundle; includeInIndex = 0; path = "Kanye QuotesUITests.xctest"; sourceTree = BUILT_PRODUCTS_DIR; };
		6122AA3428AA62C1002A401C /* Kanye_QuotesUITests.swift */ = {isa = PBXFileReference; lastKnownFileType = sourcecode.swift; path = Kanye_QuotesUITests.swift; sourceTree = "<group>"; };
		6122AA3628AA62C1002A401C /* Kanye_QuotesUITestsLaunchTests.swift */ = {isa = PBXFileReference; lastKnownFileType = sourcecode.swift; path = Kanye_QuotesUITestsLaunchTests.swift; sourceTree = "<group>"; };
/* End PBXFileReference section */

/* Begin PBXFrameworksBuildPhase section */
		6122AA0D28AA62C0002A401C /* Frameworks */ = {
			isa = PBXFrameworksBuildPhase;
			buildActionMask = 2147483647;
			files = (
			);
			runOnlyForDeploymentPostprocessing = 0;
		};
		6122AA2328AA62C1002A401C /* Frameworks */ = {
			isa = PBXFrameworksBuildPhase;
			buildActionMask = 2147483647;
			files = (
			);
			runOnlyForDeploymentPostprocessing = 0;
		};
		6122AA2D28AA62C1002A401C /* Frameworks */ = {
			isa = PBXFrameworksBuildPhase;
			buildActionMask = 2147483647;
			files = (
			);
			runOnlyForDeploymentPostprocessing = 0;
		};
/* End PBXFrameworksBuildPhase section */

/* Begin PBXGroup section */
		6122AA0728AA62C0002A401C = {
			isa = PBXGroup;
			children = (
				6122AA1228AA62C0002A401C /* Kanye Quotes */,
				6122AA2928AA62C1002A401C /* Kanye QuotesTests */,
				6122AA3328AA62C1002A401C /* Kanye QuotesUITests */,
				6122AA1128AA62C0002A401C /* Products */,
			);
			sourceTree = "<group>";
		};
		6122AA1128AA62C0002A401C /* Products */ = {
			isa = PBXGroup;
			children = (
				6122AA1028AA62C0002A401C /* Kanye Quotes.app */,
				6122AA2628AA62C1002A401C /* Kanye QuotesTests.xctest */,
				6122AA3028AA62C1002A401C /* Kanye QuotesUITests.xctest */,
			);
			name = Products;
			sourceTree = "<group>";
		};
		6122AA1228AA62C0002A401C /* Kanye Quotes */ = {
			isa = PBXGroup;
			children = (
				6122AA1328AA62C0002A401C /* AppDelegate.swift */,
				6122AA1528AA62C0002A401C /* SceneDelegate.swift */,
				6122AA1728AA62C0002A401C /* ViewController.swift */,
				6122AA1928AA62C0002A401C /* Main.storyboard */,
				6122AA1C28AA62C1002A401C /* Assets.xcassets */,
				6122AA1E28AA62C1002A401C /* LaunchScreen.storyboard */,
				6122AA2128AA62C1002A401C /* Info.plist */,
			);
			path = "Kanye Quotes";
			sourceTree = "<group>";
		};
		6122AA2928AA62C1002A401C /* Kanye QuotesTests */ = {
			isa = PBXGroup;
			children = (
				6122AA2A28AA62C1002A401C /* Kanye_QuotesTests.swift */,
			);
			path = "Kanye QuotesTests";
			sourceTree = "<group>";
		};
		6122AA3328AA62C1002A401C /* Kanye QuotesUITests */ = {
			isa = PBXGroup;
			children = (
				6122AA3428AA62C1002A401C /* Kanye_QuotesUITests.swift */,
				6122AA3628AA62C1002A401C /* Kanye_QuotesUITestsLaunchTests.swift */,
			);
			path = "Kanye QuotesUITests";
			sourceTree = "<group>";
		};
/* End PBXGroup section */

/* Begin PBXNativeTarget section */
		6122AA0F28AA62C0002A401C /* Kanye Quotes */ = {
			isa = PBXNativeTarget;
			buildConfigurationList = 6122AA3A28AA62C1002A401C /* Build configuration list for PBXNativeTarget "Kanye Quotes" */;
			buildPhases = (
				6122AA0C28AA62C0002A401C /* Sources */,
				6122AA0D28AA62C0002A401C /* Frameworks */,
				6122AA0E28AA62C0002A401C /* Resources */,
			);
			buildRules = (
			);
			dependencies = (
			);
			name = "Kanye Quotes";
			productName = "Kanye Quotes";
			productReference = 6122AA1028AA62C0002A401C /* Kanye Quotes.app */;
			productType = "com.apple.product-type.application";
		};
		6122AA2528AA62C1002A401C /* Kanye QuotesTests */ = {
			isa = PBXNativeTarget;
			buildConfigurationList = 6122AA3D28AA62C1002A401C /* Build configuration list for PBXNativeTarget "Kanye QuotesTests" */;
			buildPhases = (
				6122AA2228AA62C1002A401C /* Sources */,
				6122AA2328AA62C1002A401C /* Frameworks */,
				6122AA2428AA62C1002A401C /* Resources */,
			);
			buildRules = (
			);
			dependencies = (
				6122AA2828AA62C1002A401C /* PBXTargetDependency */,
			);
			name = "Kanye QuotesTests";
			productName = "Kanye QuotesTests";
			productReference = 6122AA2628AA62C1002A401C /* Kanye QuotesTests.xctest */;
			productType = "com.apple.product-type.bundle.unit-test";
		};
		6122AA2F28AA62C1002A401C /* Kanye QuotesUITests */ = {
			isa = PBXNativeTarget;
			buildConfigurationList = 6122AA4028AA62C1002A401C /* Build configuration list for PBXNativeTarget "Kanye QuotesUITests" */;
			buildPhases = (
				6122AA2C28AA62C1002A401C /* Sources */,
				6122AA2D28AA62C1002A401C /* Frameworks */,
				6122AA2E28AA62C1002A401C /* Resources */,
			);
			buildRules = (
			);
			dependencies = (
				6122AA3228AA62C1002A401C /* PBXTargetDependency */,
			);
			name = "Kanye QuotesUITests";
			productName = "Kanye QuotesUITests";
			productReference = 6122AA3028AA62C1002A401C /* Kanye QuotesUITests.xctest */;
			productType = "com.apple.product-type.bundle.ui-testing";
		};
/* End PBXNativeTarget section */

/* Begin PBXProject section */
		6122AA0828AA62C0002A401C /* Project object */ = {
			isa = PBXProject;
			attributes = {
				BuildIndependentTargetsInParallel = 1;
				LastSwiftUpdateCheck = 1340;
				LastUpgradeCheck = 1340;
				TargetAttributes = {
					6122AA0F28AA62C0002A401C = {
						CreatedOnToolsVersion = 13.4.1;
					};
					6122AA2528AA62C1002A401C = {
						CreatedOnToolsVersion = 13.4.1;
						TestTargetID = 6122AA0F28AA62C0002A401C;
					};
					6122AA2F28AA62C1002A401C = {
						CreatedOnToolsVersion = 13.4.1;
						TestTargetID = 6122AA0F28AA62C0002A401C;
					};
				};
			};
			buildConfigurationList = 6122AA0B28AA62C0002A401C /* Build configuration list for PBXProject "Kanye Quotes" */;
			compatibilityVersion = "Xcode 13.0";
			developmentRegion = en;
			hasScannedForEncodings = 0;
			knownRegions = (
				en,
				Base,
			);
			mainGroup = 6122AA0728AA62C0002A401C;
			productRefGroup = 6122AA1128AA62C0002A401C /* Products */;
			projectDirPath = "";
			projectRoot = "";
			targets = (
				6122AA0F28AA62C0002A401C /* Kanye Quotes */,
				6122AA2528AA62C1002A401C /* Kanye QuotesTests */,
				6122AA2F28AA62C1002A401C /* Kanye QuotesUITests */,
			);
		};
/* End PBXProject section */

/* Begin PBXResourcesBuildPhase section */
		6122AA0E28AA62C0002A401C /* Resources */ = {
			isa = PBXResourcesBuildPhase;
			buildActionMask = 2147483647;
			files = (
				6122AA2028AA62C1002A401C /* LaunchScreen.storyboard in Resources */,
				6122AA1D28AA62C1002A401C /* Assets.xcassets in Resources */,
				6122AA1B28AA62C0002A401C /* Main.storyboard in Resources */,
			);
			runOnlyForDeploymentPostprocessing = 0;
		};
		6122AA2428AA62C1002A401C /* Resources */ = {
			isa = PBXResourcesBuildPhase;
			buildActionMask = 2147483647;
			files = (
			);
			runOnlyForDeploymentPostprocessing = 0;
		};
		6122AA2E28AA62C1002A401C /* Resources */ = {
			isa = PBXResourcesBuildPhase;
			buildActionMask = 2147483647;
			files = (
			);
			runOnlyForDeploymentPostprocessing = 0;
		};
/* End PBXResourcesBuildPhase section */

/* Begin PBXSourcesBuildPhase section */
		6122AA0C28AA62C0002A401C /* Sources */ = {
			isa = PBXSourcesBuildPhase;
			buildActionMask = 2147483647;
			files = (
				6122AA1828AA62C0002A401C /* ViewController.swift in Sources */,
				6122AA1428AA62C0002A401C /* AppDelegate.swift in Sources */,
				6122AA1628AA62C0002A401C /* SceneDelegate.swift in Sources */,
			);
			runOnlyForDeploymentPostprocessing = 0;
		};
		6122AA2228AA62C1002A401C /* Sources */ = {
			isa = PBXSourcesBuildPhase;
			buildActionMask = 2147483647;
			files = (
				6122AA2B28AA62C1002A401C /* Kanye_QuotesTests.swift in Sources */,
			);
			runOnlyForDeploymentPostprocessing = 0;
		};
		6122AA2C28AA62C1002A401C /* Sources */ = {
			isa = PBXSourcesBuildPhase;
			buildActionMask = 2147483647;
			files = (
				6122AA3728AA62C1002A401C /* Kanye_QuotesUITestsLaunchTests.swift in Sources */,
				6122AA3528AA62C1002A401C /* Kanye_QuotesUITests.swift in Sources */,
			);
			runOnlyForDeploymentPostprocessing = 0;
		};
/* End PBXSourcesBuildPhase section */

/* Begin PBXTargetDependency section */
		6122AA2828AA62C1002A401C /* PBXTargetDependency */ = {
			isa = PBXTargetDependency;
			target = 6122AA0F28AA62C0002A401C /* Kanye Quotes */;
			targetProxy = 6122AA2728AA62C1002A401C /* PBXContainerItemProxy */;
		};
		6122AA3228AA62C1002A401C /* PBXTargetDependency */ = {
			isa = PBXTargetDependency;
			target = 6122AA0F28AA62C0002A401C /* Kanye Quotes */;
			targetProxy = 6122AA3128AA62C1002A401C /* PBXContainerItemProxy */;
		};
/* End PBXTargetDependency section */

/* Begin PBXVariantGroup section */
		6122AA1928AA62C0002A401C /* Main.storyboard */ = {
			isa = PBXVariantGroup;
			children = (
				6122AA1A28AA62C0002A401C /* Base */,
			);
			name = Main.storyboard;
			sourceTree = "<group>";
		};
		6122AA1E28AA62C1002A401C /* LaunchScreen.storyboard */ = {
			isa = PBXVariantGroup;
			children = (
				6122AA1F28AA62C1002A401C /* Base */,
			);
			name = LaunchScreen.storyboard;
			sourceTree = "<group>";
		};
/* End PBXVariantGroup section */

/* Begin XCBuildConfiguration section */
		6122AA3828AA62C1002A401C /* Debug */ = {
			isa = XCBuildConfiguration;
			buildSettings = {
				ALWAYS_SEARCH_USER_PATHS = NO;
				CLANG_ANALYZER_NONNULL = YES;
				CLANG_ANALYZER_NUMBER_OBJECT_CONVERSION = YES_AGGRESSIVE;
				CLANG_CXX_LANGUAGE_STANDARD = "gnu++17";
				CLANG_ENABLE_MODULES = YES;
				CLANG_ENABLE_OBJC_ARC = YES;
				CLANG_ENABLE_OBJC_WEAK = YES;
				CLANG_WARN_BLOCK_CAPTURE_AUTORELEASING = YES;
				CLANG_WARN_BOOL_CONVERSION = YES;
				CLANG_WARN_COMMA = YES;
				CLANG_WARN_CONSTANT_CONVERSION = YES;
				CLANG_WARN_DEPRECATED_OBJC_IMPLEMENTATIONS = YES;
				CLANG_WARN_DIRECT_OBJC_ISA_USAGE = YES_ERROR;
				CLANG_WARN_DOCUMENTATION_COMMENTS = YES;
				CLANG_WARN_EMPTY_BODY = YES;
				CLANG_WARN_ENUM_CONVERSION = YES;
				CLANG_WARN_INFINITE_RECURSION = YES;
				CLANG_WARN_INT_CONVERSION = YES;
				CLANG_WARN_NON_LITERAL_NULL_CONVERSION = YES;
				CLANG_WARN_OBJC_IMPLICIT_RETAIN_SELF = YES;
				CLANG_WARN_OBJC_LITERAL_CONVERSION = YES;
				CLANG_WARN_OBJC_ROOT_CLASS = YES_ERROR;
				CLANG_WARN_QUOTED_INCLUDE_IN_FRAMEWORK_HEADER = YES;
				CLANG_WARN_RANGE_LOOP_ANALYSIS = YES;
				CLANG_WARN_STRICT_PROTOTYPES = YES;
				CLANG_WARN_SUSPICIOUS_MOVE = YES;
				CLANG_WARN_UNGUARDED_AVAILABILITY = YES_AGGRESSIVE;
				CLANG_WARN_UNREACHABLE_CODE = YES;
				CLANG_WARN__DUPLICATE_METHOD_MATCH = YES;
				COPY_PHASE_STRIP = NO;
				DEBUG_INFORMATION_FORMAT = dwarf;
				ENABLE_STRICT_OBJC_MSGSEND = YES;
				ENABLE_TESTABILITY = YES;
				GCC_C_LANGUAGE_STANDARD = gnu11;
				GCC_DYNAMIC_NO_PIC = NO;
				GCC_NO_COMMON_BLOCKS = YES;
				GCC_OPTIMIZATION_LEVEL = 0;
				GCC_PREPROCESSOR_DEFINITIONS = (
					"DEBUG=1",
					"$(inherited)",
				);
				GCC_WARN_64_TO_32_BIT_CONVERSION = YES;
				GCC_WARN_ABOUT_RETURN_TYPE = YES_ERROR;
				GCC_WARN_UNDECLARED_SELECTOR = YES;
				GCC_WARN_UNINITIALIZED_AUTOS = YES_AGGRESSIVE;
				GCC_WARN_UNUSED_FUNCTION = YES;
				GCC_WARN_UNUSED_VARIABLE = YES;
				IPHONEOS_DEPLOYMENT_TARGET = 15.5;
				MTL_ENABLE_DEBUG_INFO = INCLUDE_SOURCE;
				MTL_FAST_MATH = YES;
				ONLY_ACTIVE_ARCH = YES;
				SDKROOT = iphoneos;
				SWIFT_ACTIVE_COMPILATION_CONDITIONS = DEBUG;
				SWIFT_OPTIMIZATION_LEVEL = "-Onone";
			};
			name = Debug;
		};
		6122AA3928AA62C1002A401C /* Release */ = {
			isa = XCBuildConfiguration;
			buildSettings = {
				ALWAYS_SEARCH_USER_PATHS = NO;
				CLANG_ANALYZER_NONNULL = YES;
				CLANG_ANALYZER_NUMBER_OBJECT_CONVERSION = YES_AGGRESSIVE;
				CLANG_CXX_LANGUAGE_STANDARD = "gnu++17";
				CLANG_ENABLE_MODULES = YES;
				CLANG_ENABLE_OBJC_ARC = YES;
				CLANG_ENABLE_OBJC_WEAK = YES;
				CLANG_WARN_BLOCK_CAPTURE_AUTORELEASING = YES;
				CLANG_WARN_BOOL_CONVERSION = YES;
				CLANG_WARN_COMMA = YES;
				CLANG_WARN_CONSTANT_CONVERSION = YES;
				CLANG_WARN_DEPRECATED_OBJC_IMPLEMENTATIONS = YES;
				CLANG_WARN_DIRECT_OBJC_ISA_USAGE = YES_ERROR;
				CLANG_WARN_DOCUMENTATION_COMMENTS = YES;
				CLANG_WARN_EMPTY_BODY = YES;
				CLANG_WARN_ENUM_CONVERSION = YES;
				CLANG_WARN_INFINITE_RECURSION = YES;
				CLANG_WARN_INT_CONVERSION = YES;
				CLANG_WARN_NON_LITERAL_NULL_CONVERSION = YES;
				CLANG_WARN_OBJC_IMPLICIT_RETAIN_SELF = YES;
				CLANG_WARN_OBJC_LITERAL_CONVERSION = YES;
				CLANG_WARN_OBJC_ROOT_CLASS = YES_ERROR;
				CLANG_WARN_QUOTED_INCLUDE_IN_FRAMEWORK_HEADER = YES;
				CLANG_WARN_RANGE_LOOP_ANALYSIS = YES;
				CLANG_WARN_STRICT_PROTOTYPES = YES;
				CLANG_WARN_SUSPICIOUS_MOVE = YES;
				CLANG_WARN_UNGUARDED_AVAILABILITY = YES_AGGRESSIVE;
				CLANG_WARN_UNREACHABLE_CODE = YES;
				CLANG_WARN__DUPLICATE_METHOD_MATCH = YES;
				COPY_PHASE_STRIP = NO;
				DEBUG_INFORMATION_FORMAT = "dwarf-with-dsym";
				ENABLE_NS_ASSERTIONS = NO;
				ENABLE_STRICT_OBJC_MSGSEND = YES;
				GCC_C_LANGUAGE_STANDARD = gnu11;
				GCC_NO_COMMON_BLOCKS = YES;
				GCC_WARN_64_TO_32_BIT_CONVERSION = YES;
				GCC_WARN_ABOUT_RETURN_TYPE = YES_ERROR;
				GCC_WARN_UNDECLARED_SELECTOR = YES;
				GCC_WARN_UNINITIALIZED_AUTOS = YES_AGGRESSIVE;
				GCC_WARN_UNUSED_FUNCTION = YES;
				GCC_WARN_UNUSED_VARIABLE = YES;
				IPHONEOS_DEPLOYMENT_TARGET = 15.5;
				MTL_ENABLE_DEBUG_INFO = NO;
				MTL_FAST_MATH = YES;
				SDKROOT = iphoneos;
				SWIFT_COMPILATION_MODE = wholemodule;
				SWIFT_OPTIMIZATION_LEVEL = "-O";
				VALIDATE_PRODUCT = YES;
			};
			name = Release;
		};
		6122AA3B28AA62C1002A401C /* Debug */ = {
			isa = XCBuildConfiguration;
			buildSettings = {
				ASSETCATALOG_COMPILER_APPICON_NAME = AppIcon;
				ASSETCATALOG_COMPILER_GLOBAL_ACCENT_COLOR_NAME = AccentColor;
				CODE_SIGN_STYLE = Automatic;
				CURRENT_PROJECT_VERSION = 1;
				DEVELOPMENT_TEAM = 884H42YFP2;
				GENERATE_INFOPLIST_FILE = YES;
				INFOPLIST_FILE = "Kanye Quotes/Info.plist";
				INFOPLIST_KEY_UIApplicationSupportsIndirectInputEvents = YES;
				INFOPLIST_KEY_UILaunchStoryboardName = LaunchScreen;
				INFOPLIST_KEY_UIMainStoryboardFile = Main;
				INFOPLIST_KEY_UISupportedInterfaceOrientations_iPad = "UIInterfaceOrientationPortrait UIInterfaceOrientationPortraitUpsideDown UIInterfaceOrientationLandscapeLeft UIInterfaceOrientationLandscapeRight";
				INFOPLIST_KEY_UISupportedInterfaceOrientations_iPhone = "UIInterfaceOrientationPortrait UIInterfaceOrientationLandscapeLeft UIInterfaceOrientationLandscapeRight";
				LD_RUNPATH_SEARCH_PATHS = (
					"$(inherited)",
					"@executable_path/Frameworks",
				);
				MARKETING_VERSION = 1.0;
				PRODUCT_BUNDLE_IDENTIFIER = "com.mustafaadnantatlici.Kanye-Quotes";
				PRODUCT_NAME = "$(TARGET_NAME)";
				SWIFT_EMIT_LOC_STRINGS = YES;
				SWIFT_VERSION = 5.0;
				TARGETED_DEVICE_FAMILY = "1,2";
			};
			name = Debug;
		};
		6122AA3C28AA62C1002A401C /* Release */ = {
			isa = XCBuildConfiguration;
			buildSettings = {
				ASSETCATALOG_COMPILER_APPICON_NAME = AppIcon;
				ASSETCATALOG_COMPILER_GLOBAL_ACCENT_COLOR_NAME = AccentColor;
				CODE_SIGN_STYLE = Automatic;
				CURRENT_PROJECT_VERSION = 1;
				DEVELOPMENT_TEAM = 884H42YFP2;
				GENERATE_INFOPLIST_FILE = YES;
				INFOPLIST_FILE = "Kanye Quotes/Info.plist";
				INFOPLIST_KEY_UIApplicationSupportsIndirectInputEvents = YES;
				INFOPLIST_KEY_UILaunchStoryboardName = LaunchScreen;
				INFOPLIST_KEY_UIMainStoryboardFile = Main;
				INFOPLIST_KEY_UISupportedInterfaceOrientations_iPad = "UIInterfaceOrientationPortrait UIInterfaceOrientationPortraitUpsideDown UIInterfaceOrientationLandscapeLeft UIInterfaceOrientationLandscapeRight";
				INFOPLIST_KEY_UISupportedInterfaceOrientations_iPhone = "UIInterfaceOrientationPortrait UIInterfaceOrientationLandscapeLeft UIInterfaceOrientationLandscapeRight";
				LD_RUNPATH_SEARCH_PATHS = (
					"$(inherited)",
					"@executable_path/Frameworks",
				);
				MARKETING_VERSION = 1.0;
				PRODUCT_BUNDLE_IDENTIFIER = "com.mustafaadnantatlici.Kanye-Quotes";
				PRODUCT_NAME = "$(TARGET_NAME)";
				SWIFT_EMIT_LOC_STRINGS = YES;
				SWIFT_VERSION = 5.0;
				TARGETED_DEVICE_FAMILY = "1,2";
			};
			name = Release;
		};
		6122AA3E28AA62C1002A401C /* Debug */ = {
			isa = XCBuildConfiguration;
			buildSettings = {
				ALWAYS_EMBED_SWIFT_STANDARD_LIBRARIES = YES;
				BUNDLE_LOADER = "$(TEST_HOST)";
				CODE_SIGN_STYLE = Automatic;
				CURRENT_PROJECT_VERSION = 1;
				DEVELOPMENT_TEAM = 884H42YFP2;
				GENERATE_INFOPLIST_FILE = YES;
				IPHONEOS_DEPLOYMENT_TARGET = 15.5;
				MARKETING_VERSION = 1.0;
				PRODUCT_BUNDLE_IDENTIFIER = "com.mustafaadnantatlici.Kanye-QuotesTests";
				PRODUCT_NAME = "$(TARGET_NAME)";
				SWIFT_EMIT_LOC_STRINGS = NO;
				SWIFT_VERSION = 5.0;
				TARGETED_DEVICE_FAMILY = "1,2";
				TEST_HOST = "$(BUILT_PRODUCTS_DIR)/Kanye Quotes.app/Kanye Quotes";
			};
			name = Debug;
		};
		6122AA3F28AA62C1002A401C /* Release */ = {
			isa = XCBuildConfiguration;
			buildSettings = {
				ALWAYS_EMBED_SWIFT_STANDARD_LIBRARIES = YES;
				BUNDLE_LOADER = "$(TEST_HOST)";
				CODE_SIGN_STYLE = Automatic;
				CURRENT_PROJECT_VERSION = 1;
				DEVELOPMENT_TEAM = 884H42YFP2;
				GENERATE_INFOPLIST_FILE = YES;
				IPHONEOS_DEPLOYMENT_TARGET = 15.5;
				MARKETING_VERSION = 1.0;
				PRODUCT_BUNDLE_IDENTIFIER = "com.mustafaadnantatlici.Kanye-QuotesTests";
				PRODUCT_NAME = "$(TARGET_NAME)";
				SWIFT_EMIT_LOC_STRINGS = NO;
				SWIFT_VERSION = 5.0;
				TARGETED_DEVICE_FAMILY = "1,2";
				TEST_HOST = "$(BUILT_PRODUCTS_DIR)/Kanye Quotes.app/Kanye Quotes";
			};
			name = Release;
		};
		6122AA4128AA62C1002A401C /* Debug */ = {
			isa = XCBuildConfiguration;
			buildSettings = {
				ALWAYS_EMBED_SWIFT_STANDARD_LIBRARIES = YES;
				CODE_SIGN_STYLE = Automatic;
				CURRENT_PROJECT_VERSION = 1;
				DEVELOPMENT_TEAM = 884H42YFP2;
				GENERATE_INFOPLIST_FILE = YES;
				MARKETING_VERSION = 1.0;
				PRODUCT_BUNDLE_IDENTIFIER = "com.mustafaadnantatlici.Kanye-QuotesUITests";
				PRODUCT_NAME = "$(TARGET_NAME)";
				SWIFT_EMIT_LOC_STRINGS = NO;
				SWIFT_VERSION = 5.0;
				TARGETED_DEVICE_FAMILY = "1,2";
				TEST_TARGET_NAME = "Kanye Quotes";
			};
			name = Debug;
		};
		6122AA4228AA62C1002A401C /* Release */ = {
			isa = XCBuildConfiguration;
			buildSettings = {
				ALWAYS_EMBED_SWIFT_STANDARD_LIBRARIES = YES;
				CODE_SIGN_STYLE = Automatic;
				CURRENT_PROJECT_VERSION = 1;
				DEVELOPMENT_TEAM = 884H42YFP2;
				GENERATE_INFOPLIST_FILE = YES;
				MARKETING_VERSION = 1.0;
				PRODUCT_BUNDLE_IDENTIFIER = "com.mustafaadnantatlici.Kanye-QuotesUITests";
				PRODUCT_NAME = "$(TARGET_NAME)";
				SWIFT_EMIT_LOC_STRINGS = NO;
				SWIFT_VERSION = 5.0;
				TARGETED_DEVICE_FAMILY = "1,2";
				TEST_TARGET_NAME = "Kanye Quotes";
			};
			name = Release;
		};
/* End XCBuildConfiguration section */

/* Begin XCConfigurationList section */
		6122AA0B28AA62C0002A401C /* Build configuration list for PBXProject "Kanye Quotes" */ = {
			isa = XCConfigurationList;
			buildConfigurations = (
				6122AA3828AA62C1002A401C /* Debug */,
				6122AA3928AA62C1002A401C /* Release */,
			);
			defaultConfigurationIsVisible = 0;
			defaultConfigurationName = Release;
		};
		6122AA3A28AA62C1002A401C /* Build configuration list for PBXNativeTarget "Kanye Quotes" */ = {
			isa = XCConfigurationList;
			buildConfigurations = (
				6122AA3B28AA62C1002A401C /* Debug */,
				6122AA3C28AA62C1002A401C /* Release */,
			);
			defaultConfigurationIsVisible = 0;
			defaultConfigurationName = Release;
		};
		6122AA3D28AA62C1002A401C /* Build configuration list for PBXNativeTarget "Kanye QuotesTests" */ = {
			isa = XCConfigurationList;
			buildConfigurations = (
				6122AA3E28AA62C1002A401C /* Debug */,
				6122AA3F28AA62C1002A401C /* Release */,
			);
			defaultConfigurationIsVisible = 0;
			defaultConfigurationName = Release;
		};
		6122AA4028AA62C1002A401C /* Build configuration list for PBXNativeTarget "Kanye QuotesUITests" */ = {
			isa = XCConfigurationList;
			buildConfigurations = (
				6122AA4128AA62C1002A401C /* Debug */,
				6122AA4228AA62C1002A401C /* Release */,
			);
			defaultConfigurationIsVisible = 0;
			defaultConfigurationName = Release;
		};
/* End XCConfigurationList section */
	};
	rootObject = 6122AA0828AA62C0002A401C /* Project object */;
}
